
Microsoft Visual Studio Solution File, Format Version 12.00
# Visual Studio Version 16
VisualStudioVersion = 16.0.29920.165
MinimumVisualStudioVersion = 10.0.40219.1
Project("{FAE04EC0-301F-11D3-BF4B-00C04F79EFBC}") = "Web", "Web\Web.csproj", "{7A4BFEE1-B534-4E88-8300-C14941B77FDB}"
EndProject
Global
	GlobalSection(SolutionConfigurationPlatforms) = preSolution
		Debug|Any CPU = Debug|Any CPU
		Release|Any CPU = Release|Any CPU
	EndGlobalSection
	GlobalSection(ProjectConfigurationPlatforms) = postSolution
		{7A4BFEE1-B534-4E88-8300-C14941B77FDB}.Debug|Any CPU.ActiveCfg = Debug|Any CPU
		{7A4BFEE1-B534-4E88-8300-C14941B77FDB}.Debug|Any CPU.Build.0 = Debug|Any CPU
		{7A4BFEE1-B534-4E88-8300-C14941B77FDB}.Release|Any CPU.ActiveCfg = Release|Any CPU
		{7A4BFEE1-B534-4E88-8300-C14941B77FDB}.Release|Any CPU.Build.0 = Release|Any CPU
	EndGlobalSection
	GlobalSection(SolutionProperties) = preSolution
		HideSolutionNode = FALSE
	EndGlobalSection
	GlobalSection(ExtensibilityGlobals) = postSolution
		SolutionGuid = {95B06E78-323D-4DD1-9A8D-A1D1DE62F601}
	EndGlobalSection
EndGlobal
